
Microsoft Visual Studio Solution File, Format Version 12.00
# Visual Studio Version 17
VisualStudioVersion = 17.13.35828.75 d17.13
MinimumVisualStudioVersion = 10.0.40219.1
Project("{8BC9CEB8-8B4A-11D0-8D11-00A0C91BC942}") = "ProjLe3", "ProjLe3\ProjLe3.vcxproj", "{57D11EE5-7E5E-4AC7-B91D-A01AE5CFBBFD}"
EndProject
Global
	GlobalSection(SolutionConfigurationPlatforms) = preSolution
		Debug|x64 = Debug|x64
		Debug|x86 = Debug|x86
		Release|x64 = Release|x64
		Release|x86 = Release|x86
	EndGlobalSection
	GlobalSection(ProjectConfigurationPlatforms) = postSolution
		{57D11EE5-7E5E-4AC7-B91D-A01AE5CFBBFD}.Debug|x64.ActiveCfg = Debug|x64
		{57D11EE5-7E5E-4AC7-B91D-A01AE5CFBBFD}.Debug|x64.Build.0 = Debug|x64
		{57D11EE5-7E5E-4AC7-B91D-A01AE5CFBBFD}.Debug|x86.ActiveCfg = Debug|Win32
		{57D11EE5-7E5E-4AC7-B91D-A01AE5CFBBFD}.Debug|x86.Build.0 = Debug|Win32
		{57D11EE5-7E5E-4AC7-B91D-A01AE5CFBBFD}.Release|x64.ActiveCfg = Release|x64
		{57D11EE5-7E5E-4AC7-B91D-A01AE5CFBBFD}.Release|x64.Build.0 = Release|x64
		{57D11EE5-7E5E-4AC7-B91D-A01AE5CFBBFD}.Release|x86.ActiveCfg = Release|Win32
		{57D11EE5-7E5E-4AC7-B91D-A01AE5CFBBFD}.Release|x86.Build.0 = Release|Win32
	EndGlobalSection
	GlobalSection(SolutionProperties) = preSolution
		HideSolutionNode = FALSE
	EndGlobalSection
	GlobalSection(ExtensibilityGlobals) = postSolution
		SolutionGuid = {01B1940C-6D69-4EDE-A767-3F0F0FA81E23}
	EndGlobalSection
EndGlobal
